
Microsoft Visual Studio Solution File, Format Version 12.00
# Visual Studio Version 17
VisualStudioVersion = 17.3.32901.215
MinimumVisualStudioVersion = 10.0.40219.1
Project("{FAE04EC0-301F-11D3-BF4B-00C04F79EFBC}") = "DocuTR", "DocuTR\DocuTR.csproj", "{FA1D5C24-3C1B-41D0-BB30-28C9F5C4FE4E}"
EndProject
Global
	GlobalSection(SolutionConfigurationPlatforms) = preSolution
		Debug|Any CPU = Debug|Any CPU
		Release|Any CPU = Release|Any CPU
	EndGlobalSection
	GlobalSection(ProjectConfigurationPlatforms) = postSolution
		{FA1D5C24-3C1B-41D0-BB30-28C9F5C4FE4E}.Debug|Any CPU.ActiveCfg = Debug|Any CPU
		{FA1D5C24-3C1B-41D0-BB30-28C9F5C4FE4E}.Debug|Any CPU.Build.0 = Debug|Any CPU
		{FA1D5C24-3C1B-41D0-BB30-28C9F5C4FE4E}.Release|Any CPU.ActiveCfg = Release|Any CPU
		{FA1D5C24-3C1B-41D0-BB30-28C9F5C4FE4E}.Release|Any CPU.Build.0 = Release|Any CPU
	EndGlobalSection
	GlobalSection(SolutionProperties) = preSolution
		HideSolutionNode = FALSE
	EndGlobalSection
	GlobalSection(ExtensibilityGlobals) = postSolution
		SolutionGuid = {20214DD0-ED1F-4E12-9EB7-1455AA0A0069}
	EndGlobalSection
EndGlobal
